
Microsoft Visual Studio Solution File, Format Version 12.00
Project("{2150E333-8FDC-42A3-9474-1A3956D46DE8}") = "src", "src", "{70086978-7D2C-435F-BBBF-E0CAA9E0F408}"
EndProject
Project("{2150E333-8FDC-42A3-9474-1A3956D46DE8}") = "test", "test", "{13024D46-D721-44B4-9EA6-249B75955A51}"
EndProject
Project("{FAE04EC0-301F-11D3-BF4B-00C04F79EFBC}") = "SMS.Service", "src\SMS.Service\SMS.Service.csproj", "{D104ADF0-E172-41E9-8839-128EA776D2E6}"
EndProject
Project("{FAE04EC0-301F-11D3-BF4B-00C04F79EFBC}") = "SMS.Service.Tests", "test\SMS.Service.Tests\SMS.Service.Tests.csproj", "{CC67F62D-A587-4B6B-A0DF-7ECE46BC5753}"
EndProject
Project("{FAE04EC0-301F-11D3-BF4B-00C04F79EFBC}") = "SMS.Domain", "src\SMS.Domain\SMS.Domain.csproj", "{9710926F-1CD4-4BE5-AE6A-315B2D92EE69}"
EndProject
Project("{FAE04EC0-301F-11D3-BF4B-00C04F79EFBC}") = "SMS.App", "src\SMS.App\SMS.App.csproj", "{0B474445-D96E-4202-B752-7A303350536A}"
EndProject
Global
	GlobalSection(SolutionConfigurationPlatforms) = preSolution
		Debug|Any CPU = Debug|Any CPU
		Release|Any CPU = Release|Any CPU
	EndGlobalSection
	GlobalSection(NestedProjects) = preSolution
		{D104ADF0-E172-41E9-8839-128EA776D2E6} = {70086978-7D2C-435F-BBBF-E0CAA9E0F408}
		{CC67F62D-A587-4B6B-A0DF-7ECE46BC5753} = {13024D46-D721-44B4-9EA6-249B75955A51}
		{9710926F-1CD4-4BE5-AE6A-315B2D92EE69} = {70086978-7D2C-435F-BBBF-E0CAA9E0F408}
		{0B474445-D96E-4202-B752-7A303350536A} = {70086978-7D2C-435F-BBBF-E0CAA9E0F408}
	EndGlobalSection
	GlobalSection(ProjectConfigurationPlatforms) = postSolution
		{D104ADF0-E172-41E9-8839-128EA776D2E6}.Debug|Any CPU.ActiveCfg = Debug|Any CPU
		{D104ADF0-E172-41E9-8839-128EA776D2E6}.Debug|Any CPU.Build.0 = Debug|Any CPU
		{D104ADF0-E172-41E9-8839-128EA776D2E6}.Release|Any CPU.ActiveCfg = Release|Any CPU
		{D104ADF0-E172-41E9-8839-128EA776D2E6}.Release|Any CPU.Build.0 = Release|Any CPU
		{CC67F62D-A587-4B6B-A0DF-7ECE46BC5753}.Debug|Any CPU.ActiveCfg = Debug|Any CPU
		{CC67F62D-A587-4B6B-A0DF-7ECE46BC5753}.Debug|Any CPU.Build.0 = Debug|Any CPU
		{CC67F62D-A587-4B6B-A0DF-7ECE46BC5753}.Release|Any CPU.ActiveCfg = Release|Any CPU
		{CC67F62D-A587-4B6B-A0DF-7ECE46BC5753}.Release|Any CPU.Build.0 = Release|Any CPU
		{9710926F-1CD4-4BE5-AE6A-315B2D92EE69}.Debug|Any CPU.ActiveCfg = Debug|Any CPU
		{9710926F-1CD4-4BE5-AE6A-315B2D92EE69}.Debug|Any CPU.Build.0 = Debug|Any CPU
		{9710926F-1CD4-4BE5-AE6A-315B2D92EE69}.Release|Any CPU.ActiveCfg = Release|Any CPU
		{9710926F-1CD4-4BE5-AE6A-315B2D92EE69}.Release|Any CPU.Build.0 = Release|Any CPU
		{0B474445-D96E-4202-B752-7A303350536A}.Debug|Any CPU.ActiveCfg = Debug|Any CPU
		{0B474445-D96E-4202-B752-7A303350536A}.Debug|Any CPU.Build.0 = Debug|Any CPU
		{0B474445-D96E-4202-B752-7A303350536A}.Release|Any CPU.ActiveCfg = Release|Any CPU
		{0B474445-D96E-4202-B752-7A303350536A}.Release|Any CPU.Build.0 = Release|Any CPU
	EndGlobalSection
EndGlobal
